
Microsoft Visual Studio Solution File, Format Version 12.00
Project("{FAE04EC0-301F-11D3-BF4B-00C04F79EFBC}") = "TestApp", "TestApp\TestApp.csproj", "{1FF330D2-6239-4E57-96C7-2BA779FC5FFF}"
EndProject
Global
	GlobalSection(SolutionConfigurationPlatforms) = preSolution
		Debug|Any CPU = Debug|Any CPU
		Release|Any CPU = Release|Any CPU
	EndGlobalSection
	GlobalSection(ProjectConfigurationPlatforms) = postSolution
		{1FF330D2-6239-4E57-96C7-2BA779FC5FFF}.Debug|Any CPU.ActiveCfg = Debug|Any CPU
		{1FF330D2-6239-4E57-96C7-2BA779FC5FFF}.Debug|Any CPU.Build.0 = Debug|Any CPU
		{1FF330D2-6239-4E57-96C7-2BA779FC5FFF}.Release|Any CPU.ActiveCfg = Release|Any CPU
		{1FF330D2-6239-4E57-96C7-2BA779FC5FFF}.Release|Any CPU.Build.0 = Release|Any CPU
	EndGlobalSection
EndGlobal
